
Microsoft Visual Studio Solution File, Format Version 12.00
# Visual Studio Version 17
VisualStudioVersion = 17.8.34004.107
MinimumVisualStudioVersion = 10.0.40219.1
Project("{FAE04EC0-301F-11D3-BF4B-00C04F79EFBC}") = "NovoTangApp", "NovoTangApp\NovoTangApp.csproj", "{99ADCCAA-252B-4F33-BBF2-64D6E8B7CBA8}"
EndProject
Project("{FAE04EC0-301F-11D3-BF4B-00C04F79EFBC}") = "NovoTang_Models", "NovoTang_Models\NovoTang_Models.csproj", "{21EAB258-FB1D-4F41-A1C2-7BCA0AFBDF4A}"
EndProject
Global
	GlobalSection(SolutionConfigurationPlatforms) = preSolution
		Debug|Any CPU = Debug|Any CPU
		Release|Any CPU = Release|Any CPU
	EndGlobalSection
	GlobalSection(ProjectConfigurationPlatforms) = postSolution
		{99ADCCAA-252B-4F33-BBF2-64D6E8B7CBA8}.Debug|Any CPU.ActiveCfg = Debug|Any CPU
		{99ADCCAA-252B-4F33-BBF2-64D6E8B7CBA8}.Debug|Any CPU.Build.0 = Debug|Any CPU
		{99ADCCAA-252B-4F33-BBF2-64D6E8B7CBA8}.Release|Any CPU.ActiveCfg = Release|Any CPU
		{99ADCCAA-252B-4F33-BBF2-64D6E8B7CBA8}.Release|Any CPU.Build.0 = Release|Any CPU
		{21EAB258-FB1D-4F41-A1C2-7BCA0AFBDF4A}.Debug|Any CPU.ActiveCfg = Debug|Any CPU
		{21EAB258-FB1D-4F41-A1C2-7BCA0AFBDF4A}.Debug|Any CPU.Build.0 = Debug|Any CPU
		{21EAB258-FB1D-4F41-A1C2-7BCA0AFBDF4A}.Release|Any CPU.ActiveCfg = Release|Any CPU
		{21EAB258-FB1D-4F41-A1C2-7BCA0AFBDF4A}.Release|Any CPU.Build.0 = Release|Any CPU
	EndGlobalSection
	GlobalSection(SolutionProperties) = preSolution
		HideSolutionNode = FALSE
	EndGlobalSection
	GlobalSection(ExtensibilityGlobals) = postSolution
		SolutionGuid = {4C3AB11B-B1EF-448C-B528-17B5ECE97A59}
	EndGlobalSection
EndGlobal
